// !$*UTF8*$!
{
	archiveVersion = 1;
	classes = {
	};
	objectVersion = 77;
	objects = {

/* Begin PBXBuildFile section */
		B4B0C4E02ED41773003221FD /* Launch Screen.storyboard in Resources */ = {isa = PBXBuildFile; fileRef = B4B0C4DF2ED41773003221FD /* Launch Screen.storyboard */; };
/* End PBXBuildFile section */

/* Begin PBXContainerItemProxy section */
		B4027EA82ECEB70500BC0668 /* PBXContainerItemProxy */ = {
			isa = PBXContainerItemProxy;
			containerPortal = B4027E8D2ECEB70400BC0668 /* Project object */;
			proxyType = 1;
			remoteGlobalIDString = B4027E942ECEB70400BC0668;
			remoteInfo = "Christmas Celebration";
		};
		B4027EB22ECEB70500BC0668 /* PBXContainerItemProxy */ = {
			isa = PBXContainerItemProxy;
			containerPortal = B4027E8D2ECEB70400BC0668 /* Project object */;
			proxyType = 1;
			remoteGlobalIDString = B4027E942ECEB70400BC0668;
			remoteInfo = "Christmas Celebration";
		};
/* End PBXContainerItemProxy section */

/* Begin PBXFileReference section */
		B4027E952ECEB70400BC0668 /* Christmas Celebration.app */ = {isa = PBXFileReference; explicitFileType = wrapper.application; includeInIndex = 0; path = "Christmas Celebration.app"; sourceTree = BUILT_PRODUCTS_DIR; };
		B4027EA72ECEB70500BC0668 /* Christmas CelebrationTests.xctest */ = {isa = PBXFileReference; explicitFileType = wrapper.cfbundle; includeInIndex = 0; path = "Christmas CelebrationTests.xctest"; sourceTree = BUILT_PRODUCTS_DIR; };
		B4027EB12ECEB70500BC0668 /* Christmas CelebrationUITests.xctest */ = {isa = PBXFileReference; explicitFileType = wrapper.cfbundle; includeInIndex = 0; path = "Christmas CelebrationUITests.xctest"; sourceTree = BUILT_PRODUCTS_DIR; };
		B4B0C4DF2ED41773003221FD /* Launch Screen.storyboard */ = {isa = PBXFileReference; lastKnownFileType = file.storyboard; path = "Launch Screen.storyboard"; sourceTree = "<group>"; };
/* End PBXFileReference section */

/* Begin PBXFileSystemSynchronizedRootGroup section */
		B4027E972ECEB70400BC0668 /* Christmas Season Celebration */ = {
			isa = PBXFileSystemSynchronizedRootGroup;
			path = "Christmas Season Celebration";
			sourceTree = "<group>";
		};
		B4027EAA2ECEB70500BC0668 /* Christmas CelebrationTests */ = {
			isa = PBXFileSystemSynchronizedRootGroup;
			path = "Christmas CelebrationTests";
			sourceTree = "<group>";
		};
		B4027EB42ECEB70500BC0668 /* Christmas CelebrationUITests */ = {
			isa = PBXFileSystemSynchronizedRootGroup;
			path = "Christmas CelebrationUITests";
			sourceTree = "<group>";
		};
/* End PBXFileSystemSynchronizedRootGroup section */

/* Begin PBXFrameworksBuildPhase section */
		B4027E922ECEB70400BC0668 /* Frameworks */ = {
			isa = PBXFrameworksBuildPhase;
			buildActionMask = 2147483647;
			files = (
			);
			runOnlyForDeploymentPostprocessing = 0;
		};
		B4027EA42ECEB70500BC0668 /* Frameworks */ = {
			isa = PBXFrameworksBuildPhase;
			buildActionMask = 2147483647;
			files = (
			);
			runOnlyForDeploymentPostprocessing = 0;
		};
		B4027EAE2ECEB70500BC0668 /* Frameworks */ = {
			isa = PBXFrameworksBuildPhase;
			buildActionMask = 2147483647;
			files = (
			);
			runOnlyForDeploymentPostprocessing = 0;
		};
/* End PBXFrameworksBuildPhase section */

/* Begin PBXGroup section */
		B4027E8C2ECEB70400BC0668 = {
			isa = PBXGroup;
			children = (
				B4B0C4DF2ED41773003221FD /* Launch Screen.storyboard */,
				B4027E972ECEB70400BC0668 /* Christmas Season Celebration */,
				B4027EAA2ECEB70500BC0668 /* Christmas CelebrationTests */,
				B4027EB42ECEB70500BC0668 /* Christmas CelebrationUITests */,
				B4027E962ECEB70400BC0668 /* Products */,
			);
			sourceTree = "<group>";
		};
		B4027E962ECEB70400BC0668 /* Products */ = {
			isa = PBXGroup;
			children = (
				B4027E952ECEB70400BC0668 /* Christmas Celebration.app */,
				B4027EA72ECEB70500BC0668 /* Christmas CelebrationTests.xctest */,
				B4027EB12ECEB70500BC0668 /* Christmas CelebrationUITests.xctest */,
			);
			name = Products;
			sourceTree = "<group>";
		};
/* End PBXGroup section */

/* Begin PBXNativeTarget section */
		B4027E942ECEB70400BC0668 /* Christmas Celebration */ = {
			isa = PBXNativeTarget;
			buildConfigurationList = B4027EBB2ECEB70500BC0668 /* Build configuration list for PBXNativeTarget "Christmas Celebration" */;
			buildPhases = (
				B4027E912ECEB70400BC0668 /* Sources */,
				B4027E922ECEB70400BC0668 /* Frameworks */,
				B4027E932ECEB70400BC0668 /* Resources */,
			);
			buildRules = (
			);
			dependencies = (
			);
			fileSystemSynchronizedGroups = (
				B4027E972ECEB70400BC0668 /* Christmas Season Celebration */,
			);
			name = "Christmas Celebration";
			packageProductDependencies = (
			);
			productName = "Christmas Celebration";
			productReference = B4027E952ECEB70400BC0668 /* Christmas Celebration.app */;
			productType = "com.apple.product-type.application";
		};
		B4027EA62ECEB70500BC0668 /* Christmas CelebrationTests */ = {
			isa = PBXNativeTarget;
			buildConfigurationList = B4027EBE2ECEB70500BC0668 /* Build configuration list for PBXNativeTarget "Christmas CelebrationTests" */;
			buildPhases = (
				B4027EA32ECEB70500BC0668 /* Sources */,
				B4027EA42ECEB70500BC0668 /* Frameworks */,
				B4027EA52ECEB70500BC0668 /* Resources */,
			);
			buildRules = (
			);
			dependencies = (
				B4027EA92ECEB70500BC0668 /* PBXTargetDependency */,
			);
			fileSystemSynchronizedGroups = (
				B4027EAA2ECEB70500BC0668 /* Christmas CelebrationTests */,
			);
			name = "Christmas CelebrationTests";
			packageProductDependencies = (
			);
			productName = "Christmas CelebrationTests";
			productReference = B4027EA72ECEB70500BC0668 /* Christmas CelebrationTests.xctest */;
			productType = "com.apple.product-type.bundle.unit-test";
		};
		B4027EB02ECEB70500BC0668 /* Christmas CelebrationUITests */ = {
			isa = PBXNativeTarget;
			buildConfigurationList = B4027EC12ECEB70500BC0668 /* Build configuration list for PBXNativeTarget "Christmas CelebrationUITests" */;
			buildPhases = (
				B4027EAD2ECEB70500BC0668 /* Sources */,
				B4027EAE2ECEB70500BC0668 /* Frameworks */,
				B4027EAF2ECEB70500BC0668 /* Resources */,
			);
			buildRules = (
			);
			dependencies = (
				B4027EB32ECEB70500BC0668 /* PBXTargetDependency */,
			);
			fileSystemSynchronizedGroups = (
				B4027EB42ECEB70500BC0668 /* Christmas CelebrationUITests */,
			);
			name = "Christmas CelebrationUITests";
			packageProductDependencies = (
			);
			productName = "Christmas CelebrationUITests";
			productReference = B4027EB12ECEB70500BC0668 /* Christmas CelebrationUITests.xctest */;
			productType = "com.apple.product-type.bundle.ui-testing";
		};
/* End PBXNativeTarget section */

/* Begin PBXProject section */
		B4027E8D2ECEB70400BC0668 /* Project object */ = {
			isa = PBXProject;
			attributes = {
				BuildIndependentTargetsInParallel = 1;
				LastSwiftUpdateCheck = 2610;
				LastUpgradeCheck = 2610;
				TargetAttributes = {
					B4027E942ECEB70400BC0668 = {
						CreatedOnToolsVersion = 26.1.1;
					};
					B4027EA62ECEB70500BC0668 = {
						CreatedOnToolsVersion = 26.1.1;
						TestTargetID = B4027E942ECEB70400BC0668;
					};
					B4027EB02ECEB70500BC0668 = {
						CreatedOnToolsVersion = 26.1.1;
						TestTargetID = B4027E942ECEB70400BC0668;
					};
				};
			};
			buildConfigurationList = B4027E902ECEB70400BC0668 /* Build configuration list for PBXProject "Christmas Celebration" */;
			developmentRegion = en;
			hasScannedForEncodings = 0;
			knownRegions = (
				en,
				Base,
			);
			mainGroup = B4027E8C2ECEB70400BC0668;
			minimizedProjectReferenceProxies = 1;
			preferredProjectObjectVersion = 77;
			productRefGroup = B4027E962ECEB70400BC0668 /* Products */;
			projectDirPath = "";
			projectRoot = "";
			targets = (
				B4027E942ECEB70400BC0668 /* Christmas Celebration */,
				B4027EA62ECEB70500BC0668 /* Christmas CelebrationTests */,
				B4027EB02ECEB70500BC0668 /* Christmas CelebrationUITests */,
			);
		};
/* End PBXProject section */

/* Begin PBXResourcesBuildPhase section */
		B4027E932ECEB70400BC0668 /* Resources */ = {
			isa = PBXResourcesBuildPhase;
			buildActionMask = 2147483647;
			files = (
				B4B0C4E02ED41773003221FD /* Launch Screen.storyboard in Resources */,
			);
			runOnlyForDeploymentPostprocessing = 0;
		};
		B4027EA52ECEB70500BC0668 /* Resources */ = {
			isa = PBXResourcesBuildPhase;
			buildActionMask = 2147483647;
			files = (
			);
			runOnlyForDeploymentPostprocessing = 0;
		};
		B4027EAF2ECEB70500BC0668 /* Resources */ = {
			isa = PBXResourcesBuildPhase;
			buildActionMask = 2147483647;
			files = (
			);
			runOnlyForDeploymentPostprocessing = 0;
		};
/* End PBXResourcesBuildPhase section */

/* Begin PBXSourcesBuildPhase section */
		B4027E912ECEB70400BC0668 /* Sources */ = {
			isa = PBXSourcesBuildPhase;
			buildActionMask = 2147483647;
			files = (
			);
			runOnlyForDeploymentPostprocessing = 0;
		};
		B4027EA32ECEB70500BC0668 /* Sources */ = {
			isa = PBXSourcesBuildPhase;
			buildActionMask = 2147483647;
			files = (
			);
			runOnlyForDeploymentPostprocessing = 0;
		};
		B4027EAD2ECEB70500BC0668 /* Sources */ = {
			isa = PBXSourcesBuildPhase;
			buildActionMask = 2147483647;
			files = (
			);
			runOnlyForDeploymentPostprocessing = 0;
		};
/* End PBXSourcesBuildPhase section */

/* Begin PBXTargetDependency section */
		B4027EA92ECEB70500BC0668 /* PBXTargetDependency */ = {
			isa = PBXTargetDependency;
			target = B4027E942ECEB70400BC0668 /* Christmas Celebration */;
			targetProxy = B4027EA82ECEB70500BC0668 /* PBXContainerItemProxy */;
		};
		B4027EB32ECEB70500BC0668 /* PBXTargetDependency */ = {
			isa = PBXTargetDependency;
			target = B4027E942ECEB70400BC0668 /* Christmas Celebration */;
			targetProxy = B4027EB22ECEB70500BC0668 /* PBXContainerItemProxy */;
		};
/* End PBXTargetDependency section */

/* Begin XCBuildConfiguration section */
		B4027EB92ECEB70500BC0668 /* Debug */ = {
			isa = XCBuildConfiguration;
			buildSettings = {
				ALWAYS_SEARCH_USER_PATHS = NO;
				ASSETCATALOG_COMPILER_GENERATE_SWIFT_ASSET_SYMBOL_EXTENSIONS = YES;
				CLANG_ANALYZER_NONNULL = YES;
				CLANG_ANALYZER_NUMBER_OBJECT_CONVERSION = YES_AGGRESSIVE;
				CLANG_CXX_LANGUAGE_STANDARD = "gnu++20";
				CLANG_ENABLE_MODULES = YES;
				CLANG_ENABLE_OBJC_ARC = YES;
				CLANG_ENABLE_OBJC_WEAK = YES;
				CLANG_WARN_BLOCK_CAPTURE_AUTORELEASING = YES;
				CLANG_WARN_BOOL_CONVERSION = YES;
				CLANG_WARN_COMMA = YES;
				CLANG_WARN_CONSTANT_CONVERSION = YES;
				CLANG_WARN_DEPRECATED_OBJC_IMPLEMENTATIONS = YES;
				CLANG_WARN_DIRECT_OBJC_ISA_USAGE = YES_ERROR;
				CLANG_WARN_DOCUMENTATION_COMMENTS = YES;
				CLANG_WARN_EMPTY_BODY = YES;
				CLANG_WARN_ENUM_CONVERSION = YES;
				CLANG_WARN_INFINITE_RECURSION = YES;
				CLANG_WARN_INT_CONVERSION = YES;
				CLANG_WARN_NON_LITERAL_NULL_CONVERSION = YES;
				CLANG_WARN_OBJC_IMPLICIT_RETAIN_SELF = YES;
				CLANG_WARN_OBJC_LITERAL_CONVERSION = YES;
				CLANG_WARN_OBJC_ROOT_CLASS = YES_ERROR;
				CLANG_WARN_QUOTED_INCLUDE_IN_FRAMEWORK_HEADER = YES;
				CLANG_WARN_RANGE_LOOP_ANALYSIS = YES;
				CLANG_WARN_STRICT_PROTOTYPES = YES;
				CLANG_WARN_SUSPICIOUS_MOVE = YES;
				CLANG_WARN_UNGUARDED_AVAILABILITY = YES_AGGRESSIVE;
				CLANG_WARN_UNREACHABLE_CODE = YES;
				CLANG_WARN__DUPLICATE_METHOD_MATCH = YES;
				COPY_PHASE_STRIP = NO;
				DEBUG_INFORMATION_FORMAT = dwarf;
				ENABLE_STRICT_OBJC_MSGSEND = YES;
				ENABLE_TESTABILITY = YES;
				ENABLE_USER_SCRIPT_SANDBOXING = YES;
				GCC_C_LANGUAGE_STANDARD = gnu17;
				GCC_DYNAMIC_NO_PIC = NO;
				GCC_NO_COMMON_BLOCKS = YES;
				GCC_OPTIMIZATION_LEVEL = 0;
				GCC_PREPROCESSOR_DEFINITIONS = (
					"DEBUG=1",
					"$(inherited)",
				);
				GCC_WARN_64_TO_32_BIT_CONVERSION = YES;
				GCC_WARN_ABOUT_RETURN_TYPE = YES_ERROR;
				GCC_WARN_UNDECLARED_SELECTOR = YES;
				GCC_WARN_UNINITIALIZED_AUTOS = YES_AGGRESSIVE;
				GCC_WARN_UNUSED_FUNCTION = YES;
				GCC_WARN_UNUSED_VARIABLE = YES;
				IPHONEOS_DEPLOYMENT_TARGET = 26.1;
				LOCALIZATION_PREFERS_STRING_CATALOGS = YES;
				MTL_ENABLE_DEBUG_INFO = INCLUDE_SOURCE;
				MTL_FAST_MATH = YES;
				ONLY_ACTIVE_ARCH = YES;
				SDKROOT = iphoneos;
				SWIFT_ACTIVE_COMPILATION_CONDITIONS = "DEBUG $(inherited)";
				SWIFT_OPTIMIZATION_LEVEL = "-Onone";
			};
			name = Debug;
		};
		B4027EBA2ECEB70500BC0668 /* Release */ = {
			isa = XCBuildConfiguration;
			buildSettings = {
				ALWAYS_SEARCH_USER_PATHS = NO;
				ASSETCATALOG_COMPILER_GENERATE_SWIFT_ASSET_SYMBOL_EXTENSIONS = YES;
				CLANG_ANALYZER_NONNULL = YES;
				CLANG_ANALYZER_NUMBER_OBJECT_CONVERSION = YES_AGGRESSIVE;
				CLANG_CXX_LANGUAGE_STANDARD = "gnu++20";
				CLANG_ENABLE_MODULES = YES;
				CLANG_ENABLE_OBJC_ARC = YES;
				CLANG_ENABLE_OBJC_WEAK = YES;
				CLANG_WARN_BLOCK_CAPTURE_AUTORELEASING = YES;
				CLANG_WARN_BOOL_CONVERSION = YES;
				CLANG_WARN_COMMA = YES;
				CLANG_WARN_CONSTANT_CONVERSION = YES;
				CLANG_WARN_DEPRECATED_OBJC_IMPLEMENTATIONS = YES;
				CLANG_WARN_DIRECT_OBJC_ISA_USAGE = YES_ERROR;
				CLANG_WARN_DOCUMENTATION_COMMENTS = YES;
				CLANG_WARN_EMPTY_BODY = YES;
				CLANG_WARN_ENUM_CONVERSION = YES;
				CLANG_WARN_INFINITE_RECURSION = YES;
				CLANG_WARN_INT_CONVERSION = YES;
				CLANG_WARN_NON_LITERAL_NULL_CONVERSION = YES;
				CLANG_WARN_OBJC_IMPLICIT_RETAIN_SELF = YES;
				CLANG_WARN_OBJC_LITERAL_CONVERSION = YES;
				CLANG_WARN_OBJC_ROOT_CLASS = YES_ERROR;
				CLANG_WARN_QUOTED_INCLUDE_IN_FRAMEWORK_HEADER = YES;
				CLANG_WARN_RANGE_LOOP_ANALYSIS = YES;
				CLANG_WARN_STRICT_PROTOTYPES = YES;
				CLANG_WARN_SUSPICIOUS_MOVE = YES;
				CLANG_WARN_UNGUARDED_AVAILABILITY = YES_AGGRESSIVE;
				CLANG_WARN_UNREACHABLE_CODE = YES;
				CLANG_WARN__DUPLICATE_METHOD_MATCH = YES;
				COPY_PHASE_STRIP = NO;
				DEBUG_INFORMATION_FORMAT = "dwarf-with-dsym";
				ENABLE_NS_ASSERTIONS = NO;
				ENABLE_STRICT_OBJC_MSGSEND = YES;
				ENABLE_USER_SCRIPT_SANDBOXING = YES;
				GCC_C_LANGUAGE_STANDARD = gnu17;
				GCC_NO_COMMON_BLOCKS = YES;
				GCC_WARN_64_TO_32_BIT_CONVERSION = YES;
				GCC_WARN_ABOUT_RETURN_TYPE = YES_ERROR;
				GCC_WARN_UNDECLARED_SELECTOR = YES;
				GCC_WARN_UNINITIALIZED_AUTOS = YES_AGGRESSIVE;
				GCC_WARN_UNUSED_FUNCTION = YES;
				GCC_WARN_UNUSED_VARIABLE = YES;
				IPHONEOS_DEPLOYMENT_TARGET = 26.1;
				LOCALIZATION_PREFERS_STRING_CATALOGS = YES;
				MTL_ENABLE_DEBUG_INFO = NO;
				MTL_FAST_MATH = YES;
				SDKROOT = iphoneos;
				SWIFT_COMPILATION_MODE = wholemodule;
				VALIDATE_PRODUCT = YES;
			};
			name = Release;
		};
		B4027EBC2ECEB70500BC0668 /* Debug */ = {
			isa = XCBuildConfiguration;
			buildSettings = {
				ASSETCATALOG_COMPILER_APPICON_NAME = AppIcon;
				ASSETCATALOG_COMPILER_GLOBAL_ACCENT_COLOR_NAME = AccentColor;
				"CODE_SIGN_IDENTITY[sdk=iphoneos*]" = "iPhone Developer";
				CODE_SIGN_STYLE = Manual;
				CURRENT_PROJECT_VERSION = 1;
				DEVELOPMENT_TEAM = "";
				"DEVELOPMENT_TEAM[sdk=iphoneos*]" = L25556Z34Q;
				ENABLE_PREVIEWS = YES;
				GENERATE_INFOPLIST_FILE = YES;
				INFOPLIST_KEY_CFBundleDisplayName = SeasonOfChrist;
				INFOPLIST_KEY_LSApplicationCategoryType = "public.app-category.lifestyle";
				INFOPLIST_KEY_UIApplicationSceneManifest_Generation = YES;
				INFOPLIST_KEY_UIApplicationSupportsIndirectInputEvents = YES;
				INFOPLIST_KEY_UILaunchScreen_Generation = YES;
				INFOPLIST_KEY_UISupportedInterfaceOrientations_iPad = "UIInterfaceOrientationPortrait UIInterfaceOrientationPortraitUpsideDown UIInterfaceOrientationLandscapeLeft UIInterfaceOrientationLandscapeRight";
				INFOPLIST_KEY_UISupportedInterfaceOrientations_iPhone = "UIInterfaceOrientationPortrait UIInterfaceOrientationLandscapeLeft UIInterfaceOrientationLandscapeRight";
				LD_RUNPATH_SEARCH_PATHS = (
					"$(inherited)",
					"@executable_path/Frameworks",
				);
				MARKETING_VERSION = 1.1;
				PRODUCT_BUNDLE_IDENTIFIER = "juniors-homers.Christmas-Celebration";
				PRODUCT_NAME = "$(TARGET_NAME)";
				PROVISIONING_PROFILE_SPECIFIER = "";
				"PROVISIONING_PROFILE_SPECIFIER[sdk=iphoneos*]" = "Junior's Homers";
				STRING_CATALOG_GENERATE_SYMBOLS = YES;
				SWIFT_APPROACHABLE_CONCURRENCY = YES;
				SWIFT_DEFAULT_ACTOR_ISOLATION = MainActor;
				SWIFT_EMIT_LOC_STRINGS = YES;
				SWIFT_UPCOMING_FEATURE_MEMBER_IMPORT_VISIBILITY = YES;
				SWIFT_VERSION = 5.0;
				TARGETED_DEVICE_FAMILY = "1,2";
			};
			name = Debug;
		};
		B4027EBD2ECEB70500BC0668 /* Release */ = {
			isa = XCBuildConfiguration;
			buildSettings = {
				ASSETCATALOG_COMPILER_APPICON_NAME = AppIcon;
				ASSETCATALOG_COMPILER_GLOBAL_ACCENT_COLOR_NAME = AccentColor;
				"CODE_SIGN_IDENTITY[sdk=iphoneos*]" = "iPhone Developer";
				CODE_SIGN_STYLE = Manual;
				CURRENT_PROJECT_VERSION = 1;
				DEVELOPMENT_TEAM = "";
				"DEVELOPMENT_TEAM[sdk=iphoneos*]" = L25556Z34Q;
				ENABLE_PREVIEWS = YES;
				GENERATE_INFOPLIST_FILE = YES;
				INFOPLIST_KEY_CFBundleDisplayName = SeasonOfChrist;
				INFOPLIST_KEY_LSApplicationCategoryType = "public.app-category.lifestyle";
				INFOPLIST_KEY_UIApplicationSceneManifest_Generation = YES;
				INFOPLIST_KEY_UIApplicationSupportsIndirectInputEvents = YES;
				INFOPLIST_KEY_UILaunchScreen_Generation = YES;
				INFOPLIST_KEY_UISupportedInterfaceOrientations_iPad = "UIInterfaceOrientationPortrait UIInterfaceOrientationPortraitUpsideDown UIInterfaceOrientationLandscapeLeft UIInterfaceOrientationLandscapeRight";
				INFOPLIST_KEY_UISupportedInterfaceOrientations_iPhone = "UIInterfaceOrientationPortrait UIInterfaceOrientationLandscapeLeft UIInterfaceOrientationLandscapeRight";
				LD_RUNPATH_SEARCH_PATHS = (
					"$(inherited)",
					"@executable_path/Frameworks",
				);
				MARKETING_VERSION = 1.1;
				PRODUCT_BUNDLE_IDENTIFIER = "juniors-homers.Christmas-Celebration";
				PRODUCT_NAME = "$(TARGET_NAME)";
				PROVISIONING_PROFILE_SPECIFIER = "";
				"PROVISIONING_PROFILE_SPECIFIER[sdk=iphoneos*]" = "Junior's Homers";
				STRING_CATALOG_GENERATE_SYMBOLS = YES;
				SWIFT_APPROACHABLE_CONCURRENCY = YES;
				SWIFT_DEFAULT_ACTOR_ISOLATION = MainActor;
				SWIFT_EMIT_LOC_STRINGS = YES;
				SWIFT_UPCOMING_FEATURE_MEMBER_IMPORT_VISIBILITY = YES;
				SWIFT_VERSION = 5.0;
				TARGETED_DEVICE_FAMILY = "1,2";
			};
			name = Release;
		};
		B4027EBF2ECEB70500BC0668 /* Debug */ = {
			isa = XCBuildConfiguration;
			buildSettings = {
				BUNDLE_LOADER = "$(TEST_HOST)";
				CODE_SIGN_STYLE = Automatic;
				CURRENT_PROJECT_VERSION = 1;
				GENERATE_INFOPLIST_FILE = YES;
				IPHONEOS_DEPLOYMENT_TARGET = 26.1;
				MARKETING_VERSION = 1.0;
				PRODUCT_BUNDLE_IDENTIFIER = "juniors-homers.Christmas-CelebrationTests";
				PRODUCT_NAME = "$(TARGET_NAME)";
				STRING_CATALOG_GENERATE_SYMBOLS = NO;
				SWIFT_APPROACHABLE_CONCURRENCY = YES;
				SWIFT_EMIT_LOC_STRINGS = NO;
				SWIFT_UPCOMING_FEATURE_MEMBER_IMPORT_VISIBILITY = YES;
				SWIFT_VERSION = 5.0;
				TARGETED_DEVICE_FAMILY = "1,2";
				TEST_HOST = "$(BUILT_PRODUCTS_DIR)/Christmas Celebration.app/$(BUNDLE_EXECUTABLE_FOLDER_PATH)/Christmas Celebration";
			};
			name = Debug;
		};
		B4027EC02ECEB70500BC0668 /* Release */ = {
			isa = XCBuildConfiguration;
			buildSettings = {
				BUNDLE_LOADER = "$(TEST_HOST)";
				CODE_SIGN_STYLE = Automatic;
				CURRENT_PROJECT_VERSION = 1;
				GENERATE_INFOPLIST_FILE = YES;
				IPHONEOS_DEPLOYMENT_TARGET = 26.1;
				MARKETING_VERSION = 1.0;
				PRODUCT_BUNDLE_IDENTIFIER = "juniors-homers.Christmas-CelebrationTests";
				PRODUCT_NAME = "$(TARGET_NAME)";
				STRING_CATALOG_GENERATE_SYMBOLS = NO;
				SWIFT_APPROACHABLE_CONCURRENCY = YES;
				SWIFT_EMIT_LOC_STRINGS = NO;
				SWIFT_UPCOMING_FEATURE_MEMBER_IMPORT_VISIBILITY = YES;
				SWIFT_VERSION = 5.0;
				TARGETED_DEVICE_FAMILY = "1,2";
				TEST_HOST = "$(BUILT_PRODUCTS_DIR)/Christmas Celebration.app/$(BUNDLE_EXECUTABLE_FOLDER_PATH)/Christmas Celebration";
			};
			name = Release;
		};
		B4027EC22ECEB70500BC0668 /* Debug */ = {
			isa = XCBuildConfiguration;
			buildSettings = {
				CODE_SIGN_STYLE = Automatic;
				CURRENT_PROJECT_VERSION = 1;
				GENERATE_INFOPLIST_FILE = YES;
				MARKETING_VERSION = 1.0;
				PRODUCT_BUNDLE_IDENTIFIER = "juniors-homers.Christmas-CelebrationUITests";
				PRODUCT_NAME = "$(TARGET_NAME)";
				STRING_CATALOG_GENERATE_SYMBOLS = NO;
				SWIFT_APPROACHABLE_CONCURRENCY = YES;
				SWIFT_EMIT_LOC_STRINGS = NO;
				SWIFT_UPCOMING_FEATURE_MEMBER_IMPORT_VISIBILITY = YES;
				SWIFT_VERSION = 5.0;
				TARGETED_DEVICE_FAMILY = "1,2";
				TEST_TARGET_NAME = "Christmas Celebration";
			};
			name = Debug;
		};
		B4027EC32ECEB70500BC0668 /* Release */ = {
			isa = XCBuildConfiguration;
			buildSettings = {
				CODE_SIGN_STYLE = Automatic;
				CURRENT_PROJECT_VERSION = 1;
				GENERATE_INFOPLIST_FILE = YES;
				MARKETING_VERSION = 1.0;
				PRODUCT_BUNDLE_IDENTIFIER = "juniors-homers.Christmas-CelebrationUITests";
				PRODUCT_NAME = "$(TARGET_NAME)";
				STRING_CATALOG_GENERATE_SYMBOLS = NO;
				SWIFT_APPROACHABLE_CONCURRENCY = YES;
				SWIFT_EMIT_LOC_STRINGS = NO;
				SWIFT_UPCOMING_FEATURE_MEMBER_IMPORT_VISIBILITY = YES;
				SWIFT_VERSION = 5.0;
				TARGETED_DEVICE_FAMILY = "1,2";
				TEST_TARGET_NAME = "Christmas Celebration";
			};
			name = Release;
		};
/* End XCBuildConfiguration section */

/* Begin XCConfigurationList section */
		B4027E902ECEB70400BC0668 /* Build configuration list for PBXProject "Christmas Celebration" */ = {
			isa = XCConfigurationList;
			buildConfigurations = (
				B4027EB92ECEB70500BC0668 /* Debug */,
				B4027EBA2ECEB70500BC0668 /* Release */,
			);
			defaultConfigurationIsVisible = 0;
			defaultConfigurationName = Release;
		};
		B4027EBB2ECEB70500BC0668 /* Build configuration list for PBXNativeTarget "Christmas Celebration" */ = {
			isa = XCConfigurationList;
			buildConfigurations = (
				B4027EBC2ECEB70500BC0668 /* Debug */,
				B4027EBD2ECEB70500BC0668 /* Release */,
			);
			defaultConfigurationIsVisible = 0;
			defaultConfigurationName = Release;
		};
		B4027EBE2ECEB70500BC0668 /* Build configuration list for PBXNativeTarget "Christmas CelebrationTests" */ = {
			isa = XCConfigurationList;
			buildConfigurations = (
				B4027EBF2ECEB70500BC0668 /* Debug */,
				B4027EC02ECEB70500BC0668 /* Release */,
			);
			defaultConfigurationIsVisible = 0;
			defaultConfigurationName = Release;
		};
		B4027EC12ECEB70500BC0668 /* Build configuration list for PBXNativeTarget "Christmas CelebrationUITests" */ = {
			isa = XCConfigurationList;
			buildConfigurations = (
				B4027EC22ECEB70500BC0668 /* Debug */,
				B4027EC32ECEB70500BC0668 /* Release */,
			);
			defaultConfigurationIsVisible = 0;
			defaultConfigurationName = Release;
		};
/* End XCConfigurationList section */
	};
	rootObject = B4027E8D2ECEB70400BC0668 /* Project object */;
}
